// !$*UTF8*$!
{
	archiveVersion = 1;
	classes = {
	};
	objectVersion = 46;
	objects = {

/* Begin PBXBuildFile section */
		4A72C1521BA087C600EB8E7C /* AppDelegate.swift in Sources */ = {isa = PBXBuildFile; fileRef = 4A72C1511BA087C600EB8E7C /* AppDelegate.swift */; };
		4A72C1541BA087C600EB8E7C /* triqui.swift in Sources */ = {isa = PBXBuildFile; fileRef = 4A72C1531BA087C600EB8E7C /* triqui.swift */; };
		4A72C1571BA087C600EB8E7C /* Main.storyboard in Resources */ = {isa = PBXBuildFile; fileRef = 4A72C1551BA087C600EB8E7C /* Main.storyboard */; };
		4A72C15C1BA087C600EB8E7C /* LaunchScreen.xib in Resources */ = {isa = PBXBuildFile; fileRef = 4A72C15A1BA087C600EB8E7C /* LaunchScreen.xib */; };
		4A72C1681BA087C700EB8E7C /* TriquiTests.swift in Sources */ = {isa = PBXBuildFile; fileRef = 4A72C1671BA087C700EB8E7C /* TriquiTests.swift */; };
		4A72C1791BA0881B00EB8E7C /* circulo.png in Resources */ = {isa = PBXBuildFile; fileRef = 4A72C1711BA0881B00EB8E7C /* circulo.png */; };
		4A72C17A1BA0881B00EB8E7C /* entrada.png in Resources */ = {isa = PBXBuildFile; fileRef = 4A72C1721BA0881B00EB8E7C /* entrada.png */; };
		4A72C17B1BA0881B00EB8E7C /* equis.png in Resources */ = {isa = PBXBuildFile; fileRef = 4A72C1731BA0881B00EB8E7C /* equis.png */; };
		4A72C17C1BA0881B00EB8E7C /* fondo_splash.png in Resources */ = {isa = PBXBuildFile; fileRef = 4A72C1741BA0881B00EB8E7C /* fondo_splash.png */; };
		4A72C17D1BA0881B00EB8E7C /* logo_blanco.png in Resources */ = {isa = PBXBuildFile; fileRef = 4A72C1751BA0881B00EB8E7C /* logo_blanco.png */; };
		4A72C17E1BA0881B00EB8E7C /* logo_negro.png in Resources */ = {isa = PBXBuildFile; fileRef = 4A72C1761BA0881B00EB8E7C /* logo_negro.png */; };
		4A72C17F1BA0881B00EB8E7C /* otras_apps.png in Resources */ = {isa = PBXBuildFile; fileRef = 4A72C1771BA0881B00EB8E7C /* otras_apps.png */; };
		4A72C1801BA0881B00EB8E7C /* tic-tac-toe.png in Resources */ = {isa = PBXBuildFile; fileRef = 4A72C1781BA0881B00EB8E7C /* tic-tac-toe.png */; };
		4A88EA7E1BA0D88C00C0FCD4 /* Images.xcassets in Resources */ = {isa = PBXBuildFile; fileRef = 4A88EA7D1BA0D88C00C0FCD4 /* Images.xcassets */; };
/* End PBXBuildFile section */

/* Begin PBXContainerItemProxy section */
		4A72C1621BA087C700EB8E7C /* PBXContainerItemProxy */ = {
			isa = PBXContainerItemProxy;
			containerPortal = 4A72C1441BA087C600EB8E7C /* Project object */;
			proxyType = 1;
			remoteGlobalIDString = 4A72C14B1BA087C600EB8E7C;
			remoteInfo = Triqui;
		};
/* End PBXContainerItemProxy section */

/* Begin PBXFileReference section */
		4A72C14C1BA087C600EB8E7C /* Triqui.app */ = {isa = PBXFileReference; explicitFileType = wrapper.application; includeInIndex = 0; path = Triqui.app; sourceTree = BUILT_PRODUCTS_DIR; };
		4A72C1501BA087C600EB8E7C /* Info.plist */ = {isa = PBXFileReference; lastKnownFileType = text.plist.xml; path = Info.plist; sourceTree = "<group>"; };
		4A72C1511BA087C600EB8E7C /* AppDelegate.swift */ = {isa = PBXFileReference; lastKnownFileType = sourcecode.swift; path = AppDelegate.swift; sourceTree = "<group>"; };
		4A72C1531BA087C600EB8E7C /* triqui.swift */ = {isa = PBXFileReference; lastKnownFileType = sourcecode.swift; path = triqui.swift; sourceTree = "<group>"; };
		4A72C1561BA087C600EB8E7C /* Base */ = {isa = PBXFileReference; lastKnownFileType = file.storyboard; name = Base; path = Base.lproj/Main.storyboard; sourceTree = "<group>"; };
		4A72C15B1BA087C600EB8E7C /* Base */ = {isa = PBXFileReference; lastKnownFileType = file.xib; name = Base; path = Base.lproj/LaunchScreen.xib; sourceTree = "<group>"; };
		4A72C1611BA087C700EB8E7C /* TriquiTests.xctest */ = {isa = PBXFileReference; explicitFileType = wrapper.cfbundle; includeInIndex = 0; path = TriquiTests.xctest; sourceTree = BUILT_PRODUCTS_DIR; };
		4A72C1661BA087C700EB8E7C /* Info.plist */ = {isa = PBXFileReference; lastKnownFileType = text.plist.xml; path = Info.plist; sourceTree = "<group>"; };
		4A72C1671BA087C700EB8E7C /* TriquiTests.swift */ = {isa = PBXFileReference; lastKnownFileType = sourcecode.swift; path = TriquiTests.swift; sourceTree = "<group>"; };
		4A72C1711BA0881B00EB8E7C /* circulo.png */ = {isa = PBXFileReference; lastKnownFileType = image.png; path = circulo.png; sourceTree = "<group>"; };
		4A72C1721BA0881B00EB8E7C /* entrada.png */ = {isa = PBXFileReference; lastKnownFileType = image.png; path = entrada.png; sourceTree = "<group>"; };
		4A72C1731BA0881B00EB8E7C /* equis.png */ = {isa = PBXFileReference; lastKnownFileType = image.png; path = equis.png; sourceTree = "<group>"; };
		4A72C1741BA0881B00EB8E7C /* fondo_splash.png */ = {isa = PBXFileReference; lastKnownFileType = image.png; path = fondo_splash.png; sourceTree = "<group>"; };
		4A72C1751BA0881B00EB8E7C /* logo_blanco.png */ = {isa = PBXFileReference; lastKnownFileType = image.png; path = logo_blanco.png; sourceTree = "<group>"; };
		4A72C1761BA0881B00EB8E7C /* logo_negro.png */ = {isa = PBXFileReference; lastKnownFileType = image.png; path = logo_negro.png; sourceTree = "<group>"; };
		4A72C1771BA0881B00EB8E7C /* otras_apps.png */ = {isa = PBXFileReference; lastKnownFileType = image.png; path = otras_apps.png; sourceTree = "<group>"; };
		4A72C1781BA0881B00EB8E7C /* tic-tac-toe.png */ = {isa = PBXFileReference; lastKnownFileType = image.png; path = "tic-tac-toe.png"; sourceTree = "<group>"; };
		4A88EA7D1BA0D88C00C0FCD4 /* Images.xcassets */ = {isa = PBXFileReference; lastKnownFileType = folder.assetcatalog; path = Images.xcassets; sourceTree = "<group>"; };
/* End PBXFileReference section */

/* Begin PBXFrameworksBuildPhase section */
		4A72C1491BA087C600EB8E7C /* Frameworks */ = {
			isa = PBXFrameworksBuildPhase;
			buildActionMask = 2147483647;
			files = (
			);
			runOnlyForDeploymentPostprocessing = 0;
		};
		4A72C15E1BA087C700EB8E7C /* Frameworks */ = {
			isa = PBXFrameworksBuildPhase;
			buildActionMask = 2147483647;
			files = (
			);
			runOnlyForDeploymentPostprocessing = 0;
		};
/* End PBXFrameworksBuildPhase section */

/* Begin PBXGroup section */
		4A72C1431BA087C600EB8E7C = {
			isa = PBXGroup;
			children = (
				4A72C14E1BA087C600EB8E7C /* Triqui */,
				4A72C1641BA087C700EB8E7C /* TriquiTests */,
				4A72C14D1BA087C600EB8E7C /* Products */,
			);
			sourceTree = "<group>";
		};
		4A72C14D1BA087C600EB8E7C /* Products */ = {
			isa = PBXGroup;
			children = (
				4A72C14C1BA087C600EB8E7C /* Triqui.app */,
				4A72C1611BA087C700EB8E7C /* TriquiTests.xctest */,
			);
			name = Products;
			sourceTree = "<group>";
		};
		4A72C14E1BA087C600EB8E7C /* Triqui */ = {
			isa = PBXGroup;
			children = (
				4A72C1511BA087C600EB8E7C /* AppDelegate.swift */,
				4A72C1531BA087C600EB8E7C /* triqui.swift */,
				4A72C1551BA087C600EB8E7C /* Main.storyboard */,
				4A88EA7D1BA0D88C00C0FCD4 /* Images.xcassets */,
				4A72C1711BA0881B00EB8E7C /* circulo.png */,
				4A72C1721BA0881B00EB8E7C /* entrada.png */,
				4A72C1731BA0881B00EB8E7C /* equis.png */,
				4A72C1741BA0881B00EB8E7C /* fondo_splash.png */,
				4A72C1751BA0881B00EB8E7C /* logo_blanco.png */,
				4A72C1761BA0881B00EB8E7C /* logo_negro.png */,
				4A72C1771BA0881B00EB8E7C /* otras_apps.png */,
				4A72C1781BA0881B00EB8E7C /* tic-tac-toe.png */,
				4A72C15A1BA087C600EB8E7C /* LaunchScreen.xib */,
				4A72C14F1BA087C600EB8E7C /* Supporting Files */,
			);
			path = Triqui;
			sourceTree = "<group>";
		};
		4A72C14F1BA087C600EB8E7C /* Supporting Files */ = {
			isa = PBXGroup;
			children = (
				4A72C1501BA087C600EB8E7C /* Info.plist */,
			);
			name = "Supporting Files";
			sourceTree = "<group>";
		};
		4A72C1641BA087C700EB8E7C /* TriquiTests */ = {
			isa = PBXGroup;
			children = (
				4A72C1671BA087C700EB8E7C /* TriquiTests.swift */,
				4A72C1651BA087C700EB8E7C /* Supporting Files */,
			);
			path = TriquiTests;
			sourceTree = "<group>";
		};
		4A72C1651BA087C700EB8E7C /* Supporting Files */ = {
			isa = PBXGroup;
			children = (
				4A72C1661BA087C700EB8E7C /* Info.plist */,
			);
			name = "Supporting Files";
			sourceTree = "<group>";
		};
/* End PBXGroup section */

/* Begin PBXNativeTarget section */
		4A72C14B1BA087C600EB8E7C /* Triqui */ = {
			isa = PBXNativeTarget;
			buildConfigurationList = 4A72C16B1BA087C700EB8E7C /* Build configuration list for PBXNativeTarget "Triqui" */;
			buildPhases = (
				4A72C1481BA087C600EB8E7C /* Sources */,
				4A72C1491BA087C600EB8E7C /* Frameworks */,
				4A72C14A1BA087C600EB8E7C /* Resources */,
			);
			buildRules = (
			);
			dependencies = (
			);
			name = Triqui;
			productName = Triqui;
			productReference = 4A72C14C1BA087C600EB8E7C /* Triqui.app */;
			productType = "com.apple.product-type.application";
		};
		4A72C1601BA087C700EB8E7C /* TriquiTests */ = {
			isa = PBXNativeTarget;
			buildConfigurationList = 4A72C16E1BA087C700EB8E7C /* Build configuration list for PBXNativeTarget "TriquiTests" */;
			buildPhases = (
				4A72C15D1BA087C700EB8E7C /* Sources */,
				4A72C15E1BA087C700EB8E7C /* Frameworks */,
				4A72C15F1BA087C700EB8E7C /* Resources */,
			);
			buildRules = (
			);
			dependencies = (
				4A72C1631BA087C700EB8E7C /* PBXTargetDependency */,
			);
			name = TriquiTests;
			productName = TriquiTests;
			productReference = 4A72C1611BA087C700EB8E7C /* TriquiTests.xctest */;
			productType = "com.apple.product-type.bundle.unit-test";
		};
/* End PBXNativeTarget section */

/* Begin PBXProject section */
		4A72C1441BA087C600EB8E7C /* Project object */ = {
			isa = PBXProject;
			attributes = {
				LastSwiftUpdateCheck = 0700;
				LastUpgradeCheck = 0640;
				ORGANIZATIONNAME = "Ideas App Colombia";
				TargetAttributes = {
					4A72C14B1BA087C600EB8E7C = {
						CreatedOnToolsVersion = 6.4;
						DevelopmentTeam = R3H5682JP4;
					};
					4A72C1601BA087C700EB8E7C = {
						CreatedOnToolsVersion = 6.4;
						TestTargetID = 4A72C14B1BA087C600EB8E7C;
					};
				};
			};
			buildConfigurationList = 4A72C1471BA087C600EB8E7C /* Build configuration list for PBXProject "Triqui" */;
			compatibilityVersion = "Xcode 3.2";
			developmentRegion = English;
			hasScannedForEncodings = 0;
			knownRegions = (
				en,
				Base,
			);
			mainGroup = 4A72C1431BA087C600EB8E7C;
			productRefGroup = 4A72C14D1BA087C600EB8E7C /* Products */;
			projectDirPath = "";
			projectRoot = "";
			targets = (
				4A72C14B1BA087C600EB8E7C /* Triqui */,
				4A72C1601BA087C700EB8E7C /* TriquiTests */,
			);
		};
/* End PBXProject section */

/* Begin PBXResourcesBuildPhase section */
		4A72C14A1BA087C600EB8E7C /* Resources */ = {
			isa = PBXResourcesBuildPhase;
			buildActionMask = 2147483647;
			files = (
				4A72C1571BA087C600EB8E7C /* Main.storyboard in Resources */,
				4A72C17D1BA0881B00EB8E7C /* logo_blanco.png in Resources */,
				4A72C1801BA0881B00EB8E7C /* tic-tac-toe.png in Resources */,
				4A72C15C1BA087C600EB8E7C /* LaunchScreen.xib in Resources */,
				4A72C17C1BA0881B00EB8E7C /* fondo_splash.png in Resources */,
				4A72C17E1BA0881B00EB8E7C /* logo_negro.png in Resources */,
				4A72C1791BA0881B00EB8E7C /* circulo.png in Resources */,
				4A72C17A1BA0881B00EB8E7C /* entrada.png in Resources */,
				4A88EA7E1BA0D88C00C0FCD4 /* Images.xcassets in Resources */,
				4A72C17B1BA0881B00EB8E7C /* equis.png in Resources */,
				4A72C17F1BA0881B00EB8E7C /* otras_apps.png in Resources */,
			);
			runOnlyForDeploymentPostprocessing = 0;
		};
		4A72C15F1BA087C700EB8E7C /* Resources */ = {
			isa = PBXResourcesBuildPhase;
			buildActionMask = 2147483647;
			files = (
			);
			runOnlyForDeploymentPostprocessing = 0;
		};
/* End PBXResourcesBuildPhase section */

/* Begin PBXSourcesBuildPhase section */
		4A72C1481BA087C600EB8E7C /* Sources */ = {
			isa = PBXSourcesBuildPhase;
			buildActionMask = 2147483647;
			files = (
				4A72C1541BA087C600EB8E7C /* triqui.swift in Sources */,
				4A72C1521BA087C600EB8E7C /* AppDelegate.swift in Sources */,
			);
			runOnlyForDeploymentPostprocessing = 0;
		};
		4A72C15D1BA087C700EB8E7C /* Sources */ = {
			isa = PBXSourcesBuildPhase;
			buildActionMask = 2147483647;
			files = (
				4A72C1681BA087C700EB8E7C /* TriquiTests.swift in Sources */,
			);
			runOnlyForDeploymentPostprocessing = 0;
		};
/* End PBXSourcesBuildPhase section */

/* Begin PBXTargetDependency section */
		4A72C1631BA087C700EB8E7C /* PBXTargetDependency */ = {
			isa = PBXTargetDependency;
			target = 4A72C14B1BA087C600EB8E7C /* Triqui */;
			targetProxy = 4A72C1621BA087C700EB8E7C /* PBXContainerItemProxy */;
		};
/* End PBXTargetDependency section */

/* Begin PBXVariantGroup section */
		4A72C1551BA087C600EB8E7C /* Main.storyboard */ = {
			isa = PBXVariantGroup;
			children = (
				4A72C1561BA087C600EB8E7C /* Base */,
			);
			name = Main.storyboard;
			sourceTree = "<group>";
		};
		4A72C15A1BA087C600EB8E7C /* LaunchScreen.xib */ = {
			isa = PBXVariantGroup;
			children = (
				4A72C15B1BA087C600EB8E7C /* Base */,
			);
			name = LaunchScreen.xib;
			sourceTree = "<group>";
		};
/* End PBXVariantGroup section */

/* Begin XCBuildConfiguration section */
		4A72C1691BA087C700EB8E7C /* Debug */ = {
			isa = XCBuildConfiguration;
			buildSettings = {
				ALWAYS_SEARCH_USER_PATHS = NO;
				CLANG_CXX_LANGUAGE_STANDARD = "gnu++0x";
				CLANG_CXX_LIBRARY = "libc++";
				CLANG_ENABLE_MODULES = YES;
				CLANG_ENABLE_OBJC_ARC = YES;
				CLANG_WARN_BOOL_CONVERSION = YES;
				CLANG_WARN_CONSTANT_CONVERSION = YES;
				CLANG_WARN_DIRECT_OBJC_ISA_USAGE = YES_ERROR;
				CLANG_WARN_EMPTY_BODY = YES;
				CLANG_WARN_ENUM_CONVERSION = YES;
				CLANG_WARN_INT_CONVERSION = YES;
				CLANG_WARN_OBJC_ROOT_CLASS = YES_ERROR;
				CLANG_WARN_UNREACHABLE_CODE = YES;
				CLANG_WARN__DUPLICATE_METHOD_MATCH = YES;
				"CODE_SIGN_IDENTITY[sdk=iphoneos*]" = "iPhone Developer";
				COPY_PHASE_STRIP = NO;
				DEBUG_INFORMATION_FORMAT = "dwarf-with-dsym";
				ENABLE_STRICT_OBJC_MSGSEND = YES;
				GCC_C_LANGUAGE_STANDARD = gnu99;
				GCC_DYNAMIC_NO_PIC = NO;
				GCC_NO_COMMON_BLOCKS = YES;
				GCC_OPTIMIZATION_LEVEL = 0;
				GCC_PREPROCESSOR_DEFINITIONS = (
					"DEBUG=1",
					"$(inherited)",
				);
				GCC_SYMBOLS_PRIVATE_EXTERN = NO;
				GCC_WARN_64_TO_32_BIT_CONVERSION = YES;
				GCC_WARN_ABOUT_RETURN_TYPE = YES_ERROR;
				GCC_WARN_UNDECLARED_SELECTOR = YES;
				GCC_WARN_UNINITIALIZED_AUTOS = YES_AGGRESSIVE;
				GCC_WARN_UNUSED_FUNCTION = YES;
				GCC_WARN_UNUSED_VARIABLE = YES;
				IPHONEOS_DEPLOYMENT_TARGET = 8.4;
				MTL_ENABLE_DEBUG_INFO = YES;
				ONLY_ACTIVE_ARCH = YES;
				SDKROOT = iphoneos;
				SWIFT_OPTIMIZATION_LEVEL = "-Onone";
				TARGETED_DEVICE_FAMILY = "1,2";
			};
			name = Debug;
		};
		4A72C16A1BA087C700EB8E7C /* Release */ = {
			isa = XCBuildConfiguration;
			buildSettings = {
				ALWAYS_SEARCH_USER_PATHS = NO;
				CLANG_CXX_LANGUAGE_STANDARD = "gnu++0x";
				CLANG_CXX_LIBRARY = "libc++";
				CLANG_ENABLE_MODULES = YES;
				CLANG_ENABLE_OBJC_ARC = YES;
				CLANG_WARN_BOOL_CONVERSION = YES;
				CLANG_WARN_CONSTANT_CONVERSION = YES;
				CLANG_WARN_DIRECT_OBJC_ISA_USAGE = YES_ERROR;
				CLANG_WARN_EMPTY_BODY = YES;
				CLANG_WARN_ENUM_CONVERSION = YES;
				CLANG_WARN_INT_CONVERSION = YES;
				CLANG_WARN_OBJC_ROOT_CLASS = YES_ERROR;
				CLANG_WARN_UNREACHABLE_CODE = YES;
				CLANG_WARN__DUPLICATE_METHOD_MATCH = YES;
				"CODE_SIGN_IDENTITY[sdk=iphoneos*]" = "iPhone Developer";
				COPY_PHASE_STRIP = NO;
				DEBUG_INFORMATION_FORMAT = "dwarf-with-dsym";
				ENABLE_NS_ASSERTIONS = NO;
				ENABLE_STRICT_OBJC_MSGSEND = YES;
				GCC_C_LANGUAGE_STANDARD = gnu99;
				GCC_NO_COMMON_BLOCKS = YES;
				GCC_WARN_64_TO_32_BIT_CONVERSION = YES;
				GCC_WARN_ABOUT_RETURN_TYPE = YES_ERROR;
				GCC_WARN_UNDECLARED_SELECTOR = YES;
				GCC_WARN_UNINITIALIZED_AUTOS = YES_AGGRESSIVE;
				GCC_WARN_UNUSED_FUNCTION = YES;
				GCC_WARN_UNUSED_VARIABLE = YES;
				IPHONEOS_DEPLOYMENT_TARGET = 8.4;
				MTL_ENABLE_DEBUG_INFO = NO;
				SDKROOT = iphoneos;
				TARGETED_DEVICE_FAMILY = "1,2";
				VALIDATE_PRODUCT = YES;
			};
			name = Release;
		};
		4A72C16C1BA087C700EB8E7C /* Debug */ = {
			isa = XCBuildConfiguration;
			buildSettings = {
				ASSETCATALOG_COMPILER_APPICON_NAME = AppIcon;
				ASSETCATALOG_COMPILER_LAUNCHIMAGE_NAME = LaunchImage;
				CODE_SIGN_IDENTITY = "iPhone Developer";
				INFOPLIST_FILE = Triqui/Info.plist;
				LD_RUNPATH_SEARCH_PATHS = "$(inherited) @executable_path/Frameworks";
				PRODUCT_NAME = "$(TARGET_NAME)";
			};
			name = Debug;
		};
		4A72C16D1BA087C700EB8E7C /* Release */ = {
			isa = XCBuildConfiguration;
			buildSettings = {
				ASSETCATALOG_COMPILER_APPICON_NAME = AppIcon;
				ASSETCATALOG_COMPILER_LAUNCHIMAGE_NAME = LaunchImage;
				CODE_SIGN_IDENTITY = "iPhone Developer";
				INFOPLIST_FILE = Triqui/Info.plist;
				LD_RUNPATH_SEARCH_PATHS = "$(inherited) @executable_path/Frameworks";
				PRODUCT_NAME = "$(TARGET_NAME)";
			};
			name = Release;
		};
		4A72C16F1BA087C700EB8E7C /* Debug */ = {
			isa = XCBuildConfiguration;
			buildSettings = {
				BUNDLE_LOADER = "$(TEST_HOST)";
				FRAMEWORK_SEARCH_PATHS = (
					"$(SDKROOT)/Developer/Library/Frameworks",
					"$(inherited)",
				);
				GCC_PREPROCESSOR_DEFINITIONS = (
					"DEBUG=1",
					"$(inherited)",
				);
				INFOPLIST_FILE = TriquiTests/Info.plist;
				LD_RUNPATH_SEARCH_PATHS = "$(inherited) @executable_path/Frameworks @loader_path/Frameworks";
				PRODUCT_NAME = "$(TARGET_NAME)";
				TEST_HOST = "$(BUILT_PRODUCTS_DIR)/Triqui.app/Triqui";
			};
			name = Debug;
		};
		4A72C1701BA087C700EB8E7C /* Release */ = {
			isa = XCBuildConfiguration;
			buildSettings = {
				BUNDLE_LOADER = "$(TEST_HOST)";
				FRAMEWORK_SEARCH_PATHS = (
					"$(SDKROOT)/Developer/Library/Frameworks",
					"$(inherited)",
				);
				INFOPLIST_FILE = TriquiTests/Info.plist;
				LD_RUNPATH_SEARCH_PATHS = "$(inherited) @executable_path/Frameworks @loader_path/Frameworks";
				PRODUCT_NAME = "$(TARGET_NAME)";
				TEST_HOST = "$(BUILT_PRODUCTS_DIR)/Triqui.app/Triqui";
			};
			name = Release;
		};
/* End XCBuildConfiguration section */

/* Begin XCConfigurationList section */
		4A72C1471BA087C600EB8E7C /* Build configuration list for PBXProject "Triqui" */ = {
			isa = XCConfigurationList;
			buildConfigurations = (
				4A72C1691BA087C700EB8E7C /* Debug */,
				4A72C16A1BA087C700EB8E7C /* Release */,
			);
			defaultConfigurationIsVisible = 0;
			defaultConfigurationName = Release;
		};
		4A72C16B1BA087C700EB8E7C /* Build configuration list for PBXNativeTarget "Triqui" */ = {
			isa = XCConfigurationList;
			buildConfigurations = (
				4A72C16C1BA087C700EB8E7C /* Debug */,
				4A72C16D1BA087C700EB8E7C /* Release */,
			);
			defaultConfigurationIsVisible = 0;
			defaultConfigurationName = Release;
		};
		4A72C16E1BA087C700EB8E7C /* Build configuration list for PBXNativeTarget "TriquiTests" */ = {
			isa = XCConfigurationList;
			buildConfigurations = (
				4A72C16F1BA087C700EB8E7C /* Debug */,
				4A72C1701BA087C700EB8E7C /* Release */,
			);
			defaultConfigurationIsVisible = 0;
			defaultConfigurationName = Release;
		};
/* End XCConfigurationList section */
	};
	rootObject = 4A72C1441BA087C600EB8E7C /* Project object */;
}
